{
  "name": "workingtree-ftp",
  "version": "0.1.1",
  "lockfileVersion": 3,
  "requires": true,
  "packages": {
    "": {
      "name": "workingtree-ftp",
      "version": "0.1.1",
      "license": "MIT",
      "dependencies": {
        "basic-ftp": "^5.0.5",
        "commander": "^14.0.1"
      },
      "bin": {
        "wftp": "src/cli.js"
      },
      "engines": {
        "node": ">=20"
      }
    },
    "node_modules/basic-ftp": {
      "version": "5.3.1",
      "resolved": "https://registry.npmjs.org/basic-ftp/-/basic-ftp-5.3.1.tgz",
      "integrity": "sha512-bopVNp6ugyA150DDuZfPFdt1KZ5a94ZDiwX4hMgZDzF+GttD80lEy8kj98kbyhLXnPvhtIo93mdnLIjpCAeeOw==",
      "license": "MIT",
      "engines": {
        "node": ">=10.0.0"
      }
    },
    "node_modules/commander": {
      "version": "14.0.3",
      "resolved": "https://registry.npmjs.org/commander/-/commander-14.0.3.tgz",
      "integrity": "sha512-H+y0Jo/T1RZ9qPP4Eh1pkcQcLRglraJaSLoyOtHxu6AapkjWVCy2Sit1QQ4x3Dng8qDlSsZEet7g5Pq06MvTgw==",
      "license": "MIT",
      "engines": {
        "node": ">=20"
      }
    }
  }
}
